[[package]]
category = "main"
description = "Screen-scraping library"
name = "beautifulsoup4"
optional = false
python-versions = "*"
version = "4.9.1"

[package.dependencies]
soupsieve = [">1.2", "<2.0"]

[package.extras]
html5lib = ["html5lib"]
lxml = ["lxml"]

[[package]]
category = "main"
description = "Dummy package for Beautiful Soup"
name = "bs4"
optional = false
python-versions = "*"
version = "0.0.1"

[package.dependencies]
beautifulsoup4 = "*"

[[package]]
category = "main"
description = "Foreign Function Interface for Python calling C code."
name = "cffi"
optional = false
python-versions = "*"
version = "1.14.0"

[package.dependencies]
pycparser = "*"

[[package]]
category = "main"
description = "cryptography is a package which provides cryptographic recipes and primitives to Python developers."
name = "cryptography"
optional = false
python-versions = ">=2.7,!=3.0.*,!=3.1.*,!=3.2.*,!=3.3.*,!=3.4.*"
version = "3.0"

[package.dependencies]
cffi = ">=1.8,<1.11.3 || >1.11.3"
six = ">=1.4.1"

[package.extras]
docs = ["sphinx (>=1.6.5,<1.8.0 || >1.8.0,<3.1.0 || >3.1.0,<3.1.1 || >3.1.1)", "sphinx-rtd-theme"]
docstest = ["doc8", "pyenchant (>=1.6.11)", "twine (>=1.12.0)", "sphinxcontrib-spelling (>=4.0.1)"]
idna = ["idna (>=2.1)"]
pep8test = ["black", "flake8", "flake8-import-order", "pep8-naming"]
ssh = ["bcrypt (>=3.1.5)"]
test = ["pytest (>=3.6.0,<3.9.0 || >3.9.0,<3.9.1 || >3.9.1,<3.9.2 || >3.9.2)", "pretend", "iso8601", "pytz", "hypothesis (>=1.11.4,<3.79.2 || >3.79.2)"]

[[package]]
category = "main"
description = "Forked from original pdfminer"
name = "pdfminer3k"
optional = false
python-versions = ">=3.6"
version = "1.3.4"

[package.dependencies]
ply = "*"

[[package]]
category = "main"
description = "Python Lex & Yacc"
name = "ply"
optional = false
python-versions = "*"
version = "3.11"

[[package]]
category = "main"
description = "C parser in Python"
name = "pycparser"
optional = false
python-versions = ">=2.7, !=3.0.*, !=3.1.*, !=3.2.*, !=3.3.*"
version = "2.20"

[[package]]
category = "main"
description = "Pure Python MySQL Driver"
name = "pymysql"
optional = false
python-versions = "*"
version = "0.10.0"

[package.extras]
ed25519 = ["PyNaCl (>=1.4.0)"]
rsa = ["cryptography"]

[[package]]
category = "main"
description = "Python 2 and 3 compatibility utilities"
name = "six"
optional = false
python-versions = ">=2.7, !=3.0.*, !=3.1.*, !=3.2.*"
version = "1.15.0"

[[package]]
category = "main"
description = "A modern CSS selector implementation for Beautiful Soup."
name = "soupsieve"
optional = false
python-versions = "*"
version = "1.9.6"

[[package]]
category = "main"
description = "An API and command-line toolset for Twitter (twitter.com)"
name = "twitter"
optional = false
python-versions = "*"
version = "1.18.0"

[metadata]
content-hash = "95d73ae7bd8dd58635d913cfb2212e83e5d58a1b431e6345ef7c355eb19f4046"
python-versions = "^3.7"

[metadata.files]
beautifulsoup4 = [
    {file = "beautifulsoup4-4.9.1-py2-none-any.whl", hash = "sha256:e718f2342e2e099b640a34ab782407b7b676f47ee272d6739e60b8ea23829f2c"},
    {file = "beautifulsoup4-4.9.1-py3-none-any.whl", hash = "sha256:a6237df3c32ccfaee4fd201c8f5f9d9df619b93121d01353a64a73ce8c6ef9a8"},
    {file = "beautifulsoup4-4.9.1.tar.gz", hash = "sha256:73cc4d115b96f79c7d77c1c7f7a0a8d4c57860d1041df407dd1aae7f07a77fd7"},
]
bs4 = [
    {file = "bs4-0.0.1.tar.gz", hash = "sha256:36ecea1fd7cc5c0c6e4a1ff075df26d50da647b75376626cc186e2212886dd3a"},
]
cffi = [
    {file = "cffi-1.14.0-cp27-cp27m-macosx_10_9_x86_64.whl", hash = "sha256:1cae98a7054b5c9391eb3249b86e0e99ab1e02bb0cc0575da191aedadbdf4384"},
    {file = "cffi-1.14.0-cp27-cp27m-manylinux1_i686.whl", hash = "sha256:cf16e3cf6c0a5fdd9bc10c21687e19d29ad1fe863372b5543deaec1039581a30"},
    {file = "cffi-1.14.0-cp27-cp27m-manylinux1_x86_64.whl", hash = "sha256:f2b0fa0c01d8a0c7483afd9f31d7ecf2d71760ca24499c8697aeb5ca37dc090c"},
    {file = "cffi-1.14.0-cp27-cp27m-win32.whl", hash = "sha256:99f748a7e71ff382613b4e1acc0ac83bf7ad167fb3802e35e90d9763daba4d78"},
    {file = "cffi-1.14.0-cp27-cp27m-win_amd64.whl", hash = "sha256:c420917b188a5582a56d8b93bdd8e0f6eca08c84ff623a4c16e809152cd35793"},
    {file = "cffi-1.14.0-cp27-cp27mu-manylinux1_i686.whl", hash = "sha256:399aed636c7d3749bbed55bc907c3288cb43c65c4389964ad5ff849b6370603e"},
    {file = "cffi-1.14.0-cp27-cp27mu-manylinux1_x86_64.whl", hash = "sha256:cab50b8c2250b46fe738c77dbd25ce017d5e6fb35d3407606e7a4180656a5a6a"},
    {file = "cffi-1.14.0-cp35-cp35m-macosx_10_9_x86_64.whl", hash = "sha256:001bf3242a1bb04d985d63e138230802c6c8d4db3668fb545fb5005ddf5bb5ff"},
    {file = "cffi-1.14.0-cp35-cp35m-manylinux1_i686.whl", hash = "sha256:e56c744aa6ff427a607763346e4170629caf7e48ead6921745986db3692f987f"},
    {file = "cffi-1.14.0-cp35-cp35m-manylinux1_x86_64.whl", hash = "sha256:b8c78301cefcf5fd914aad35d3c04c2b21ce8629b5e4f4e45ae6812e461910fa"},
    {file = "cffi-1.14.0-cp35-cp35m-win32.whl", hash = "sha256:8c0ffc886aea5df6a1762d0019e9cb05f825d0eec1f520c51be9d198701daee5"},
    {file = "cffi-1.14.0-cp35-cp35m-win_amd64.whl", hash = "sha256:8a6c688fefb4e1cd56feb6c511984a6c4f7ec7d2a1ff31a10254f3c817054ae4"},
    {file = "cffi-1.14.0-cp36-cp36m-macosx_10_9_x86_64.whl", hash = "sha256:95cd16d3dee553f882540c1ffe331d085c9e629499ceadfbda4d4fde635f4b7d"},
    {file = "cffi-1.14.0-cp36-cp36m-manylinux1_i686.whl", hash = "sha256:66e41db66b47d0d8672d8ed2708ba91b2f2524ece3dee48b5dfb36be8c2f21dc"},
    {file = "cffi-1.14.0-cp36-cp36m-manylinux1_x86_64.whl", hash = "sha256:028a579fc9aed3af38f4892bdcc7390508adabc30c6af4a6e4f611b0c680e6ac"},
    {file = "cffi-1.14.0-cp36-cp36m-win32.whl", hash = "sha256:cef128cb4d5e0b3493f058f10ce32365972c554572ff821e175dbc6f8ff6924f"},
    {file = "cffi-1.14.0-cp36-cp36m-win_amd64.whl", hash = "sha256:337d448e5a725bba2d8293c48d9353fc68d0e9e4088d62a9571def317797522b"},
    {file = "cffi-1.14.0-cp37-cp37m-macosx_10_9_x86_64.whl", hash = "sha256:e577934fc5f8779c554639376beeaa5657d54349096ef24abe8c74c5d9c117c3"},
    {file = "cffi-1.14.0-cp37-cp37m-manylinux1_i686.whl", hash = "sha256:62ae9af2d069ea2698bf536dcfe1e4eed9090211dbaafeeedf5cb6c41b352f66"},
    {file = "cffi-1.14.0-cp37-cp37m-manylinux1_x86_64.whl", hash = "sha256:14491a910663bf9f13ddf2bc8f60562d6bc5315c1f09c704937ef17293fb85b0"},
    {file = "cffi-1.14.0-cp37-cp37m-win32.whl", hash = "sha256:c43866529f2f06fe0edc6246eb4faa34f03fe88b64a0a9a942561c8e22f4b71f"},
    {file = "cffi-1.14.0-cp37-cp37m-win_amd64.whl", hash = "sha256:2089ed025da3919d2e75a4d963d008330c96751127dd6f73c8dc0c65041b4c26"},
    {file = "cffi-1.14.0-cp38-cp38-macosx_10_9_x86_64.whl", hash = "sha256:3b911c2dbd4f423b4c4fcca138cadde747abdb20d196c4a48708b8a2d32b16dd"},
    {file = "cffi-1.14.0-cp38-cp38-manylinux1_i686.whl", hash = "sha256:7e63cbcf2429a8dbfe48dcc2322d5f2220b77b2e17b7ba023d6166d84655da55"},
    {file = "cffi-1.14.0-cp38-cp38-manylinux1_x86_64.whl", hash = "sha256:3d311bcc4a41408cf5854f06ef2c5cab88f9fded37a3b95936c9879c1640d4c2"},
    {file = "cffi-1.14.0-cp38-cp38-win32.whl", hash = "sha256:675686925a9fb403edba0114db74e741d8181683dcf216be697d208857e04ca8"},
    {file = "cffi-1.14.0-cp38-cp38-win_amd64.whl", hash = "sha256:00789914be39dffba161cfc5be31b55775de5ba2235fe49aa28c148236c4e06b"},
    {file = "cffi-1.14.0.tar.gz", hash = "sha256:2d384f4a127a15ba701207f7639d94106693b6cd64173d6c8988e2c25f3ac2b6"},
]
cryptography = [
    {file = "cryptography-3.0-cp27-cp27m-macosx_10_10_x86_64.whl", hash = "sha256:ab49edd5bea8d8b39a44b3db618e4783ef84c19c8b47286bf05dfdb3efb01c83"},
    {file = "cryptography-3.0-cp27-cp27m-manylinux1_x86_64.whl", hash = "sha256:124af7255ffc8e964d9ff26971b3a6153e1a8a220b9a685dc407976ecb27a06a"},
    {file = "cryptography-3.0-cp27-cp27m-manylinux2010_x86_64.whl", hash = "sha256:51e40123083d2f946794f9fe4adeeee2922b581fa3602128ce85ff813d85b81f"},
    {file = "cryptography-3.0-cp27-cp27m-win32.whl", hash = "sha256:dea0ba7fe6f9461d244679efa968d215ea1f989b9c1957d7f10c21e5c7c09ad6"},
    {file = "cryptography-3.0-cp27-cp27m-win_amd64.whl", hash = "sha256:8ecf9400d0893836ff41b6f977a33972145a855b6efeb605b49ee273c5e6469f"},
    {file = "cryptography-3.0-cp27-cp27mu-manylinux1_x86_64.whl", hash = "sha256:0c608ff4d4adad9e39b5057de43657515c7da1ccb1807c3a27d4cf31fc923b4b"},
    {file = "cryptography-3.0-cp27-cp27mu-manylinux2010_x86_64.whl", hash = "sha256:bec7568c6970b865f2bcebbe84d547c52bb2abadf74cefce396ba07571109c67"},
    {file = "cryptography-3.0-cp35-abi3-macosx_10_10_x86_64.whl", hash = "sha256:0cbfed8ea74631fe4de00630f4bb592dad564d57f73150d6f6796a24e76c76cd"},
    {file = "cryptography-3.0-cp35-abi3-manylinux1_x86_64.whl", hash = "sha256:a09fd9c1cca9a46b6ad4bea0a1f86ab1de3c0c932364dbcf9a6c2a5eeb44fa77"},
    {file = "cryptography-3.0-cp35-abi3-manylinux2010_x86_64.whl", hash = "sha256:ce82cc06588e5cbc2a7df3c8a9c778f2cb722f56835a23a68b5a7264726bb00c"},
    {file = "cryptography-3.0-cp35-cp35m-win32.whl", hash = "sha256:9367d00e14dee8d02134c6c9524bb4bd39d4c162456343d07191e2a0b5ec8b3b"},
    {file = "cryptography-3.0-cp35-cp35m-win_amd64.whl", hash = "sha256:384d7c681b1ab904fff3400a6909261cae1d0939cc483a68bdedab282fb89a07"},
    {file = "cryptography-3.0-cp36-cp36m-win32.whl", hash = "sha256:4d355f2aee4a29063c10164b032d9fa8a82e2c30768737a2fd56d256146ad559"},
    {file = "cryptography-3.0-cp36-cp36m-win_amd64.whl", hash = "sha256:45741f5499150593178fc98d2c1a9c6722df88b99c821ad6ae298eff0ba1ae71"},
    {file = "cryptography-3.0-cp37-cp37m-win32.whl", hash = "sha256:8ecef21ac982aa78309bb6f092d1677812927e8b5ef204a10c326fc29f1367e2"},
    {file = "cryptography-3.0-cp37-cp37m-win_amd64.whl", hash = "sha256:4b9303507254ccb1181d1803a2080a798910ba89b1a3c9f53639885c90f7a756"},
    {file = "cryptography-3.0-cp38-cp38-win32.whl", hash = "sha256:8713ddb888119b0d2a1462357d5946b8911be01ddbf31451e1d07eaa5077a261"},
    {file = "cryptography-3.0-cp38-cp38-win_amd64.whl", hash = "sha256:bea0b0468f89cdea625bb3f692cd7a4222d80a6bdafd6fb923963f2b9da0e15f"},
    {file = "cryptography-3.0.tar.gz", hash = "sha256:8e924dbc025206e97756e8903039662aa58aa9ba357d8e1d8fc29e3092322053"},
]
pdfminer3k = [
    {file = "pdfminer3k-1.3.4-py3-none-any.whl", hash = "sha256:7b669a36b1c4c66aa2d66519c800285659dac5a31e8fa760c13977b16218e5e0"},
    {file = "pdfminer3k-1.3.4.tar.gz", hash = "sha256:ba3e43d4d800d434442687c88b3391b09d136acafd00304963a1386de294d4c6"},
]
ply = [
    {file = "ply-3.11-py2.py3-none-any.whl", hash = "sha256:096f9b8350b65ebd2fd1346b12452efe5b9607f7482813ffca50c22722a807ce"},
    {file = "ply-3.11.tar.gz", hash = "sha256:00c7c1aaa88358b9c765b6d3000c6eec0ba42abca5351b095321aef446081da3"},
]
pycparser = [
    {file = "pycparser-2.20-py2.py3-none-any.whl", hash = "sha256:7582ad22678f0fcd81102833f60ef8d0e57288b6b5fb00323d101be910e35705"},
    {file = "pycparser-2.20.tar.gz", hash = "sha256:2d475327684562c3a96cc71adf7dc8c4f0565175cf86b6d7a404ff4c771f15f0"},
]
pymysql = [
    {file = "PyMySQL-0.10.0-py2.py3-none-any.whl", hash = "sha256:adef15ceccf1ff544a23a6f46609f65187261dc8b0cf94c9644189c173b0a451"},
    {file = "PyMySQL-0.10.0.tar.gz", hash = "sha256:e14070bc84e050e0f80bf6063e31d276f03a0bb4d46b9eca2854566c4ae19837"},
]
six = [
    {file = "six-1.15.0-py2.py3-none-any.whl", hash = "sha256:8b74bedcbbbaca38ff6d7491d76f2b06b3592611af620f8426e82dddb04a5ced"},
    {file = "six-1.15.0.tar.gz", hash = "sha256:30639c035cdb23534cd4aa2dd52c3bf48f06e5f4a941509c8bafd8ce11080259"},
]
soupsieve = [
    {file = "soupsieve-1.9.6-py2.py3-none-any.whl", hash = "sha256:feb1e937fa26a69e08436aad4a9037cd7e1d4c7212909502ba30701247ff8abd"},
    {file = "soupsieve-1.9.6.tar.gz", hash = "sha256:7985bacc98c34923a439967c1a602dc4f1e15f923b6fcf02344184f86cc7efaa"},
]
twitter = [
    {file = "twitter-1.18.0-py2.py3-none-any.whl", hash = "sha256:52545fd3b70d3d3807d3ce62d1a256727856d784d1630d64dedcc643aaf0b908"},
    {file = "twitter-1.18.0.tar.gz", hash = "sha256:acdc85e5beea752967bb64c63bde8b915c49a31a01db1b2fecccf9f2c1d5c44d"},
]
